
Microsoft Visual Studio Solution File, Format Version 12.00
# Visual Studio Version 17
VisualStudioVersion = 17.7.34031.279
MinimumVisualStudioVersion = 10.0.40219.1
Project("{FAE04EC0-301F-11D3-BF4B-00C04F79EFBC}") = "ejercicio3Bucles", "ejercicio3Bucles.csproj", "{DD378295-A60D-43C8-8796-ABAF34229EA2}"
EndProject
Global
	GlobalSection(SolutionConfigurationPlatforms) = preSolution
		Debug|Any CPU = Debug|Any CPU
		Release|Any CPU = Release|Any CPU
	EndGlobalSection
	GlobalSection(ProjectConfigurationPlatforms) = postSolution
		{DD378295-A60D-43C8-8796-ABAF34229EA2}.Debug|Any CPU.ActiveCfg = Debug|Any CPU
		{DD378295-A60D-43C8-8796-ABAF34229EA2}.Debug|Any CPU.Build.0 = Debug|Any CPU
		{DD378295-A60D-43C8-8796-ABAF34229EA2}.Release|Any CPU.ActiveCfg = Release|Any CPU
		{DD378295-A60D-43C8-8796-ABAF34229EA2}.Release|Any CPU.Build.0 = Release|Any CPU
	EndGlobalSection
	GlobalSection(SolutionProperties) = preSolution
		HideSolutionNode = FALSE
	EndGlobalSection
	GlobalSection(ExtensibilityGlobals) = postSolution
		SolutionGuid = {287B9873-52E8-4D47-A37A-C4E4CEADEC5E}
	EndGlobalSection
EndGlobal
